{
  "requires": true,
  "lockfileVersion": 1,
  "dependencies": {
    "chroma-js": {
      "version": "1.3.7",
      "resolved": "https://registry.npmjs.org/chroma-js/-/chroma-js-1.3.7.tgz",
      "integrity": "sha512-ARq0P94NObL8hdQbgc+E33X9OHiNzdHO7epe3nC/KgxNRxkQcFpzNqnGeFjvOY2GxfVhbia686NXD2jByb1o0g=="
    }
  }
}
